
Microsoft Visual Studio Solution File, Format Version 12.00
# Visual Studio Version 17
VisualStudioVersion = 17.5.33414.496
MinimumVisualStudioVersion = 10.0.40219.1
Project("{9A19103F-16F7-4668-BE54-9A1E7A4F7556}") = "FootTeamTracker.Web", "FootTeamTracker.App\FootTeamTracker.Web.csproj", "{2955EDB7-EA2E-4AD5-983B-D905F9F6248A}"
EndProject
Project("{9A19103F-16F7-4668-BE54-9A1E7A4F7556}") = "FootTeamTracker.Common", "FootTeamTracker.Common\FootTeamTracker.Common.csproj", "{81AB63D9-0791-423E-9B55-48F6E5DF9D87}"
EndProject
Project("{9A19103F-16F7-4668-BE54-9A1E7A4F7556}") = "FootTeamTracker.Data", "FootTeamTracker.Data\FootTeamTracker.Data.csproj", "{B191D098-D637-4632-92BF-6FE5B4B18128}"
EndProject
Project("{9A19103F-16F7-4668-BE54-9A1E7A4F7556}") = "FootTeamTracker.Data.Models", "FootTeamTracker.Data.Models\FootTeamTracker.Data.Models.csproj", "{52DB7357-D06B-459E-9F25-96B55587875D}"
EndProject
Project("{2150E333-8FDC-42A3-9474-1A3956D46DE8}") = "Web", "Web", "{13225F0F-23DE-4DE0-A62C-B518D9ECF0F0}"
EndProject
Project("{2150E333-8FDC-42A3-9474-1A3956D46DE8}") = "Data", "Data", "{8B899C83-B315-4969-A2C1-DEC2AEBBEC4A}"
EndProject
Project("{9A19103F-16F7-4668-BE54-9A1E7A4F7556}") = "FootTeamTracker.Web.Infrastructure", "FootTeamTracker.Web.Infrastructure\FootTeamTracker.Web.Infrastructure.csproj", "{3F3B3017-175E-4B88-872F-9CB827A91E39}"
EndProject
Project("{9A19103F-16F7-4668-BE54-9A1E7A4F7556}") = "FootTeamTracker.Web.ViewModels", "FootTeamTracker.Web.ViewModels\FootTeamTracker.Web.ViewModels.csproj", "{6CEE89AF-B385-472B-9E47-7C401426340A}"
EndProject
Project("{2150E333-8FDC-42A3-9474-1A3956D46DE8}") = "Services", "Services", "{9D367EF0-6595-4CF8-A42B-B03D59319FC8}"
EndProject
Project("{9A19103F-16F7-4668-BE54-9A1E7A4F7556}") = "FootTeamTracker.Services.Models", "FootTeamTracker.Services.Models\FootTeamTracker.Services.Models.csproj", "{698F3711-149B-45BD-933C-0FF03C7E2356}"
EndProject
Project("{FAE04EC0-301F-11D3-BF4B-00C04F79EFBC}") = "FootTeamTracker.Services.Data", "FootTeamTracker.Services.Data\FootTeamTracker.Services.Data.csproj", "{DE173789-2DEC-4502-8DF7-84A65CEA38A9}"
EndProject
Project("{FAE04EC0-301F-11D3-BF4B-00C04F79EFBC}") = "FootTeamTracker.Services.Mapping", "FootTeamTracker.Services.Mapping\FootTeamTracker.Services.Mapping.csproj", "{2FECF783-178A-4A52-AF42-F9760B43EDB8}"
EndProject
Global
	GlobalSection(SolutionConfigurationPlatforms) = preSolution
		Debug|Any CPU = Debug|Any CPU
		Release|Any CPU = Release|Any CPU
	EndGlobalSection
	GlobalSection(ProjectConfigurationPlatforms) = postSolution
		{2955EDB7-EA2E-4AD5-983B-D905F9F6248A}.Debug|Any CPU.ActiveCfg = Debug|Any CPU
		{2955EDB7-EA2E-4AD5-983B-D905F9F6248A}.Debug|Any CPU.Build.0 = Debug|Any CPU
		{2955EDB7-EA2E-4AD5-983B-D905F9F6248A}.Release|Any CPU.ActiveCfg = Release|Any CPU
		{2955EDB7-EA2E-4AD5-983B-D905F9F6248A}.Release|Any CPU.Build.0 = Release|Any CPU
		{81AB63D9-0791-423E-9B55-48F6E5DF9D87}.Debug|Any CPU.ActiveCfg = Debug|Any CPU
		{81AB63D9-0791-423E-9B55-48F6E5DF9D87}.Debug|Any CPU.Build.0 = Debug|Any CPU
		{81AB63D9-0791-423E-9B55-48F6E5DF9D87}.Release|Any CPU.ActiveCfg = Release|Any CPU
		{81AB63D9-0791-423E-9B55-48F6E5DF9D87}.Release|Any CPU.Build.0 = Release|Any CPU
		{B191D098-D637-4632-92BF-6FE5B4B18128}.Debug|Any CPU.ActiveCfg = Debug|Any CPU
		{B191D098-D637-4632-92BF-6FE5B4B18128}.Debug|Any CPU.Build.0 = Debug|Any CPU
		{B191D098-D637-4632-92BF-6FE5B4B18128}.Release|Any CPU.ActiveCfg = Release|Any CPU
		{B191D098-D637-4632-92BF-6FE5B4B18128}.Release|Any CPU.Build.0 = Release|Any CPU
		{52DB7357-D06B-459E-9F25-96B55587875D}.Debug|Any CPU.ActiveCfg = Debug|Any CPU
		{52DB7357-D06B-459E-9F25-96B55587875D}.Debug|Any CPU.Build.0 = Debug|Any CPU
		{52DB7357-D06B-459E-9F25-96B55587875D}.Release|Any CPU.ActiveCfg = Release|Any CPU
		{52DB7357-D06B-459E-9F25-96B55587875D}.Release|Any CPU.Build.0 = Release|Any CPU
		{3F3B3017-175E-4B88-872F-9CB827A91E39}.Debug|Any CPU.ActiveCfg = Debug|Any CPU
		{3F3B3017-175E-4B88-872F-9CB827A91E39}.Debug|Any CPU.Build.0 = Debug|Any CPU
		{3F3B3017-175E-4B88-872F-9CB827A91E39}.Release|Any CPU.ActiveCfg = Release|Any CPU
		{3F3B3017-175E-4B88-872F-9CB827A91E39}.Release|Any CPU.Build.0 = Release|Any CPU
		{6CEE89AF-B385-472B-9E47-7C401426340A}.Debug|Any CPU.ActiveCfg = Debug|Any CPU
		{6CEE89AF-B385-472B-9E47-7C401426340A}.Debug|Any CPU.Build.0 = Debug|Any CPU
		{6CEE89AF-B385-472B-9E47-7C401426340A}.Release|Any CPU.ActiveCfg = Release|Any CPU
		{6CEE89AF-B385-472B-9E47-7C401426340A}.Release|Any CPU.Build.0 = Release|Any CPU
		{698F3711-149B-45BD-933C-0FF03C7E2356}.Debug|Any CPU.ActiveCfg = Debug|Any CPU
		{698F3711-149B-45BD-933C-0FF03C7E2356}.Debug|Any CPU.Build.0 = Debug|Any CPU
		{698F3711-149B-45BD-933C-0FF03C7E2356}.Release|Any CPU.ActiveCfg = Release|Any CPU
		{698F3711-149B-45BD-933C-0FF03C7E2356}.Release|Any CPU.Build.0 = Release|Any CPU
		{DE173789-2DEC-4502-8DF7-84A65CEA38A9}.Debug|Any CPU.ActiveCfg = Debug|Any CPU
		{DE173789-2DEC-4502-8DF7-84A65CEA38A9}.Debug|Any CPU.Build.0 = Debug|Any CPU
		{DE173789-2DEC-4502-8DF7-84A65CEA38A9}.Release|Any CPU.ActiveCfg = Release|Any CPU
		{DE173789-2DEC-4502-8DF7-84A65CEA38A9}.Release|Any CPU.Build.0 = Release|Any CPU
		{2FECF783-178A-4A52-AF42-F9760B43EDB8}.Debug|Any CPU.ActiveCfg = Debug|Any CPU
		{2FECF783-178A-4A52-AF42-F9760B43EDB8}.Debug|Any CPU.Build.0 = Debug|Any CPU
		{2FECF783-178A-4A52-AF42-F9760B43EDB8}.Release|Any CPU.ActiveCfg = Release|Any CPU
		{2FECF783-178A-4A52-AF42-F9760B43EDB8}.Release|Any CPU.Build.0 = Release|Any CPU
	EndGlobalSection
	GlobalSection(SolutionProperties) = preSolution
		HideSolutionNode = FALSE
	EndGlobalSection
	GlobalSection(NestedProjects) = preSolution
		{2955EDB7-EA2E-4AD5-983B-D905F9F6248A} = {13225F0F-23DE-4DE0-A62C-B518D9ECF0F0}
		{B191D098-D637-4632-92BF-6FE5B4B18128} = {8B899C83-B315-4969-A2C1-DEC2AEBBEC4A}
		{52DB7357-D06B-459E-9F25-96B55587875D} = {8B899C83-B315-4969-A2C1-DEC2AEBBEC4A}
		{3F3B3017-175E-4B88-872F-9CB827A91E39} = {13225F0F-23DE-4DE0-A62C-B518D9ECF0F0}
		{6CEE89AF-B385-472B-9E47-7C401426340A} = {13225F0F-23DE-4DE0-A62C-B518D9ECF0F0}
		{698F3711-149B-45BD-933C-0FF03C7E2356} = {9D367EF0-6595-4CF8-A42B-B03D59319FC8}
		{DE173789-2DEC-4502-8DF7-84A65CEA38A9} = {9D367EF0-6595-4CF8-A42B-B03D59319FC8}
		{2FECF783-178A-4A52-AF42-F9760B43EDB8} = {9D367EF0-6595-4CF8-A42B-B03D59319FC8}
	EndGlobalSection
	GlobalSection(ExtensibilityGlobals) = postSolution
		SolutionGuid = {E539DD51-DCF1-4C9F-A9A5-F3F7E80D55CF}
	EndGlobalSection
EndGlobal
